// !$*UTF8*$!
{
	archiveVersion = 1;
	classes = {
	};
	objectVersion = 56;
	objects = {

/* Begin PBXBuildFile section */
		8F1ACD492C268246004D0D9B /* Planetary_AppApp.swift in Sources */ = {isa = PBXBuildFile; fileRef = 8F1ACD482C268246004D0D9B /* Planetary_AppApp.swift */; };
		8F1ACD4B2C268246004D0D9B /* ContentView.swift in Sources */ = {isa = PBXBuildFile; fileRef = 8F1ACD4A2C268246004D0D9B /* ContentView.swift */; };
		8F1ACD4D2C268247004D0D9B /* Assets.xcassets in Resources */ = {isa = PBXBuildFile; fileRef = 8F1ACD4C2C268247004D0D9B /* Assets.xcassets */; };
		8F1ACD502C268247004D0D9B /* Preview Assets.xcassets in Resources */ = {isa = PBXBuildFile; fileRef = 8F1ACD4F2C268247004D0D9B /* Preview Assets.xcassets */; };
		8F1ACD572C2683BF004D0D9B /* AddPlanetView.swift in Sources */ = {isa = PBXBuildFile; fileRef = 8F1ACD562C2683BF004D0D9B /* AddPlanetView.swift */; };
		8F1ACD592C2687F1004D0D9B /* Planet.swift in Sources */ = {isa = PBXBuildFile; fileRef = 8F1ACD582C2687F1004D0D9B /* Planet.swift */; };
		8F1ACD5B2C269789004D0D9B /* EditPlanetView.swift in Sources */ = {isa = PBXBuildFile; fileRef = 8F1ACD5A2C269789004D0D9B /* EditPlanetView.swift */; };
/* End PBXBuildFile section */

/* Begin PBXFileReference section */
		8F1ACD452C268246004D0D9B /* Planetary App.app */ = {isa = PBXFileReference; explicitFileType = wrapper.application; includeInIndex = 0; path = "Planetary App.app"; sourceTree = BUILT_PRODUCTS_DIR; };
		8F1ACD482C268246004D0D9B /* Planetary_AppApp.swift */ = {isa = PBXFileReference; lastKnownFileType = sourcecode.swift; path = Planetary_AppApp.swift; sourceTree = "<group>"; };
		8F1ACD4A2C268246004D0D9B /* ContentView.swift */ = {isa = PBXFileReference; lastKnownFileType = sourcecode.swift; path = ContentView.swift; sourceTree = "<group>"; };
		8F1ACD4C2C268247004D0D9B /* Assets.xcassets */ = {isa = PBXFileReference; lastKnownFileType = folder.assetcatalog; path = Assets.xcassets; sourceTree = "<group>"; };
		8F1ACD4F2C268247004D0D9B /* Preview Assets.xcassets */ = {isa = PBXFileReference; lastKnownFileType = folder.assetcatalog; path = "Preview Assets.xcassets"; sourceTree = "<group>"; };
		8F1ACD562C2683BF004D0D9B /* AddPlanetView.swift */ = {isa = PBXFileReference; lastKnownFileType = sourcecode.swift; path = AddPlanetView.swift; sourceTree = "<group>"; };
		8F1ACD582C2687F1004D0D9B /* Planet.swift */ = {isa = PBXFileReference; lastKnownFileType = sourcecode.swift; path = Planet.swift; sourceTree = "<group>"; };
		8F1ACD5A2C269789004D0D9B /* EditPlanetView.swift */ = {isa = PBXFileReference; lastKnownFileType = sourcecode.swift; path = EditPlanetView.swift; sourceTree = "<group>"; };
/* End PBXFileReference section */

/* Begin PBXFrameworksBuildPhase section */
		8F1ACD422C268246004D0D9B /* Frameworks */ = {
			isa = PBXFrameworksBuildPhase;
			buildActionMask = 2147483647;
			files = (
			);
			runOnlyForDeploymentPostprocessing = 0;
		};
/* End PBXFrameworksBuildPhase section */

/* Begin PBXGroup section */
		8F1ACD3C2C268246004D0D9B = {
			isa = PBXGroup;
			children = (
				8F1ACD472C268246004D0D9B /* Planetary App */,
				8F1ACD462C268246004D0D9B /* Products */,
			);
			sourceTree = "<group>";
		};
		8F1ACD462C268246004D0D9B /* Products */ = {
			isa = PBXGroup;
			children = (
				8F1ACD452C268246004D0D9B /* Planetary App.app */,
			);
			name = Products;
			sourceTree = "<group>";
		};
		8F1ACD472C268246004D0D9B /* Planetary App */ = {
			isa = PBXGroup;
			children = (
				8F1ACD482C268246004D0D9B /* Planetary_AppApp.swift */,
				8F1ACD4A2C268246004D0D9B /* ContentView.swift */,
				8F1ACD562C2683BF004D0D9B /* AddPlanetView.swift */,
				8F1ACD5A2C269789004D0D9B /* EditPlanetView.swift */,
				8F1ACD4C2C268247004D0D9B /* Assets.xcassets */,
				8F1ACD4E2C268247004D0D9B /* Preview Content */,
				8F1ACD582C2687F1004D0D9B /* Planet.swift */,
			);
			path = "Planetary App";
			sourceTree = "<group>";
		};
		8F1ACD4E2C268247004D0D9B /* Preview Content */ = {
			isa = PBXGroup;
			children = (
				8F1ACD4F2C268247004D0D9B /* Preview Assets.xcassets */,
			);
			path = "Preview Content";
			sourceTree = "<group>";
		};
/* End PBXGroup section */

/* Begin PBXNativeTarget section */
		8F1ACD442C268246004D0D9B /* Planetary App */ = {
			isa = PBXNativeTarget;
			buildConfigurationList = 8F1ACD532C268247004D0D9B /* Build configuration list for PBXNativeTarget "Planetary App" */;
			buildPhases = (
				8F1ACD412C268246004D0D9B /* Sources */,
				8F1ACD422C268246004D0D9B /* Frameworks */,
				8F1ACD432C268246004D0D9B /* Resources */,
			);
			buildRules = (
			);
			dependencies = (
			);
			name = "Planetary App";
			productName = "Planetary App";
			productReference = 8F1ACD452C268246004D0D9B /* Planetary App.app */;
			productType = "com.apple.product-type.application";
		};
/* End PBXNativeTarget section */

/* Begin PBXProject section */
		8F1ACD3D2C268246004D0D9B /* Project object */ = {
			isa = PBXProject;
			attributes = {
				BuildIndependentTargetsInParallel = 1;
				LastSwiftUpdateCheck = 1540;
				LastUpgradeCheck = 1540;
				TargetAttributes = {
					8F1ACD442C268246004D0D9B = {
						CreatedOnToolsVersion = 15.4;
					};
				};
			};
			buildConfigurationList = 8F1ACD402C268246004D0D9B /* Build configuration list for PBXProject "Planetary App" */;
			compatibilityVersion = "Xcode 14.0";
			developmentRegion = en;
			hasScannedForEncodings = 0;
			knownRegions = (
				en,
				Base,
			);
			mainGroup = 8F1ACD3C2C268246004D0D9B;
			productRefGroup = 8F1ACD462C268246004D0D9B /* Products */;
			projectDirPath = "";
			projectRoot = "";
			targets = (
				8F1ACD442C268246004D0D9B /* Planetary App */,
			);
		};
/* End PBXProject section */

/* Begin PBXResourcesBuildPhase section */
		8F1ACD432C268246004D0D9B /* Resources */ = {
			isa = PBXResourcesBuildPhase;
			buildActionMask = 2147483647;
			files = (
				8F1ACD502C268247004D0D9B /* Preview Assets.xcassets in Resources */,
				8F1ACD4D2C268247004D0D9B /* Assets.xcassets in Resources */,
			);
			runOnlyForDeploymentPostprocessing = 0;
		};
/* End PBXResourcesBuildPhase section */

/* Begin PBXSourcesBuildPhase section */
		8F1ACD412C268246004D0D9B /* Sources */ = {
			isa = PBXSourcesBuildPhase;
			buildActionMask = 2147483647;
			files = (
				8F1ACD4B2C268246004D0D9B /* ContentView.swift in Sources */,
				8F1ACD572C2683BF004D0D9B /* AddPlanetView.swift in Sources */,
				8F1ACD5B2C269789004D0D9B /* EditPlanetView.swift in Sources */,
				8F1ACD492C268246004D0D9B /* Planetary_AppApp.swift in Sources */,
				8F1ACD592C2687F1004D0D9B /* Planet.swift in Sources */,
			);
			runOnlyForDeploymentPostprocessing = 0;
		};
/* End PBXSourcesBuildPhase section */

/* Begin XCBuildConfiguration section */
		8F1ACD512C268247004D0D9B /* Debug */ = {
			isa = XCBuildConfiguration;
			buildSettings = {
				ALWAYS_SEARCH_USER_PATHS = NO;
				ASSETCATALOG_COMPILER_GENERATE_SWIFT_ASSET_SYMBOL_EXTENSIONS = YES;
				CLANG_ANALYZER_NONNULL = YES;
				CLANG_ANALYZER_NUMBER_OBJECT_CONVERSION = YES_AGGRESSIVE;
				CLANG_CXX_LANGUAGE_STANDARD = "gnu++20";
				CLANG_ENABLE_MODULES = YES;
				CLANG_ENABLE_OBJC_ARC = YES;
				CLANG_ENABLE_OBJC_WEAK = YES;
				CLANG_WARN_BLOCK_CAPTURE_AUTORELEASING = YES;
				CLANG_WARN_BOOL_CONVERSION = YES;
				CLANG_WARN_COMMA = YES;
				CLANG_WARN_CONSTANT_CONVERSION = YES;
				CLANG_WARN_DEPRECATED_OBJC_IMPLEMENTATIONS = YES;
				CLANG_WARN_DIRECT_OBJC_ISA_USAGE = YES_ERROR;
				CLANG_WARN_DOCUMENTATION_COMMENTS = YES;
				CLANG_WARN_EMPTY_BODY = YES;
				CLANG_WARN_ENUM_CONVERSION = YES;
				CLANG_WARN_INFINITE_RECURSION = YES;
				CLANG_WARN_INT_CONVERSION = YES;
				CLANG_WARN_NON_LITERAL_NULL_CONVERSION = YES;
				CLANG_WARN_OBJC_IMPLICIT_RETAIN_SELF = YES;
				CLANG_WARN_OBJC_LITERAL_CONVERSION = YES;
				CLANG_WARN_OBJC_ROOT_CLASS = YES_ERROR;
				CLANG_WARN_QUOTED_INCLUDE_IN_FRAMEWORK_HEADER = YES;
				CLANG_WARN_RANGE_LOOP_ANALYSIS = YES;
				CLANG_WARN_STRICT_PROTOTYPES = YES;
				CLANG_WARN_SUSPICIOUS_MOVE = YES;
				CLANG_WARN_UNGUARDED_AVAILABILITY = YES_AGGRESSIVE;
				CLANG_WARN_UNREACHABLE_CODE = YES;
				CLANG_WARN__DUPLICATE_METHOD_MATCH = YES;
				COPY_PHASE_STRIP = NO;
				DEBUG_INFORMATION_FORMAT = dwarf;
				ENABLE_STRICT_OBJC_MSGSEND = YES;
				ENABLE_TESTABILITY = YES;
				ENABLE_USER_SCRIPT_SANDBOXING = YES;
				GCC_C_LANGUAGE_STANDARD = gnu17;
				GCC_DYNAMIC_NO_PIC = NO;
				GCC_NO_COMMON_BLOCKS = YES;
				GCC_OPTIMIZATION_LEVEL = 0;
				GCC_PREPROCESSOR_DEFINITIONS = (
					"DEBUG=1",
					"$(inherited)",
				);
				GCC_WARN_64_TO_32_BIT_CONVERSION = YES;
				GCC_WARN_ABOUT_RETURN_TYPE = YES_ERROR;
				GCC_WARN_UNDECLARED_SELECTOR = YES;
				GCC_WARN_UNINITIALIZED_AUTOS = YES_AGGRESSIVE;
				GCC_WARN_UNUSED_FUNCTION = YES;
				GCC_WARN_UNUSED_VARIABLE = YES;
				IPHONEOS_DEPLOYMENT_TARGET = 17.5;
				LOCALIZATION_PREFERS_STRING_CATALOGS = YES;
				MTL_ENABLE_DEBUG_INFO = INCLUDE_SOURCE;
				MTL_FAST_MATH = YES;
				ONLY_ACTIVE_ARCH = YES;
				SDKROOT = iphoneos;
				SWIFT_ACTIVE_COMPILATION_CONDITIONS = "DEBUG $(inherited)";
				SWIFT_OPTIMIZATION_LEVEL = "-Onone";
			};
			name = Debug;
		};
		8F1ACD522C268247004D0D9B /* Release */ = {
			isa = XCBuildConfiguration;
			buildSettings = {
				ALWAYS_SEARCH_USER_PATHS = NO;
				ASSETCATALOG_COMPILER_GENERATE_SWIFT_ASSET_SYMBOL_EXTENSIONS = YES;
				CLANG_ANALYZER_NONNULL = YES;
				CLANG_ANALYZER_NUMBER_OBJECT_CONVERSION = YES_AGGRESSIVE;
				CLANG_CXX_LANGUAGE_STANDARD = "gnu++20";
				CLANG_ENABLE_MODULES = YES;
				CLANG_ENABLE_OBJC_ARC = YES;
				CLANG_ENABLE_OBJC_WEAK = YES;
				CLANG_WARN_BLOCK_CAPTURE_AUTORELEASING = YES;
				CLANG_WARN_BOOL_CONVERSION = YES;
				CLANG_WARN_COMMA = YES;
				CLANG_WARN_CONSTANT_CONVERSION = YES;
				CLANG_WARN_DEPRECATED_OBJC_IMPLEMENTATIONS = YES;
				CLANG_WARN_DIRECT_OBJC_ISA_USAGE = YES_ERROR;
				CLANG_WARN_DOCUMENTATION_COMMENTS = YES;
				CLANG_WARN_EMPTY_BODY = YES;
				CLANG_WARN_ENUM_CONVERSION = YES;
				CLANG_WARN_INFINITE_RECURSION = YES;
				CLANG_WARN_INT_CONVERSION = YES;
				CLANG_WARN_NON_LITERAL_NULL_CONVERSION = YES;
				CLANG_WARN_OBJC_IMPLICIT_RETAIN_SELF = YES;
				CLANG_WARN_OBJC_LITERAL_CONVERSION = YES;
				CLANG_WARN_OBJC_ROOT_CLASS = YES_ERROR;
				CLANG_WARN_QUOTED_INCLUDE_IN_FRAMEWORK_HEADER = YES;
				CLANG_WARN_RANGE_LOOP_ANALYSIS = YES;
				CLANG_WARN_STRICT_PROTOTYPES = YES;
				CLANG_WARN_SUSPICIOUS_MOVE = YES;
				CLANG_WARN_UNGUARDED_AVAILABILITY = YES_AGGRESSIVE;
				CLANG_WARN_UNREACHABLE_CODE = YES;
				CLANG_WARN__DUPLICATE_METHOD_MATCH = YES;
				COPY_PHASE_STRIP = NO;
				DEBUG_INFORMATION_FORMAT = "dwarf-with-dsym";
				ENABLE_NS_ASSERTIONS = NO;
				ENABLE_STRICT_OBJC_MSGSEND = YES;
				ENABLE_USER_SCRIPT_SANDBOXING = YES;
				GCC_C_LANGUAGE_STANDARD = gnu17;
				GCC_NO_COMMON_BLOCKS = YES;
				GCC_WARN_64_TO_32_BIT_CONVERSION = YES;
				GCC_WARN_ABOUT_RETURN_TYPE = YES_ERROR;
				GCC_WARN_UNDECLARED_SELECTOR = YES;
				GCC_WARN_UNINITIALIZED_AUTOS = YES_AGGRESSIVE;
				GCC_WARN_UNUSED_FUNCTION = YES;
				GCC_WARN_UNUSED_VARIABLE = YES;
				IPHONEOS_DEPLOYMENT_TARGET = 17.5;
				LOCALIZATION_PREFERS_STRING_CATALOGS = YES;
				MTL_ENABLE_DEBUG_INFO = NO;
				MTL_FAST_MATH = YES;
				SDKROOT = iphoneos;
				SWIFT_COMPILATION_MODE = wholemodule;
				VALIDATE_PRODUCT = YES;
			};
			name = Release;
		};
		8F1ACD542C268247004D0D9B /* Debug */ = {
			isa = XCBuildConfiguration;
			buildSettings = {
				ASSETCATALOG_COMPILER_APPICON_NAME = AppIcon;
				ASSETCATALOG_COMPILER_GLOBAL_ACCENT_COLOR_NAME = AccentColor;
				CODE_SIGN_STYLE = Automatic;
				CURRENT_PROJECT_VERSION = 1;
				DEVELOPMENT_ASSET_PATHS = "\"Planetary App/Preview Content\"";
				DEVELOPMENT_TEAM = 96T58DM32R;
				ENABLE_PREVIEWS = YES;
				GENERATE_INFOPLIST_FILE = YES;
				INFOPLIST_KEY_UIApplicationSceneManifest_Generation = YES;
				INFOPLIST_KEY_UIApplicationSupportsIndirectInputEvents = YES;
				INFOPLIST_KEY_UILaunchScreen_Generation = YES;
				INFOPLIST_KEY_UISupportedInterfaceOrientations_iPad = "UIInterfaceOrientationPortrait UIInterfaceOrientationPortraitUpsideDown UIInterfaceOrientationLandscapeLeft UIInterfaceOrientationLandscapeRight";
				INFOPLIST_KEY_UISupportedInterfaceOrientations_iPhone = "UIInterfaceOrientationPortrait UIInterfaceOrientationLandscapeLeft UIInterfaceOrientationLandscapeRight";
				LD_RUNPATH_SEARCH_PATHS = (
					"$(inherited)",
					"@executable_path/Frameworks",
				);
				MARKETING_VERSION = 1.0;
				PRODUCT_BUNDLE_IDENTIFIER = "davchndra.Planetary-App";
				PRODUCT_NAME = "$(TARGET_NAME)";
				SWIFT_EMIT_LOC_STRINGS = YES;
				SWIFT_VERSION = 5.0;
				TARGETED_DEVICE_FAMILY = "1,2";
			};
			name = Debug;
		};
		8F1ACD552C268247004D0D9B /* Release */ = {
			isa = XCBuildConfiguration;
			buildSettings = {
				ASSETCATALOG_COMPILER_APPICON_NAME = AppIcon;
				ASSETCATALOG_COMPILER_GLOBAL_ACCENT_COLOR_NAME = AccentColor;
				CODE_SIGN_STYLE = Automatic;
				CURRENT_PROJECT_VERSION = 1;
				DEVELOPMENT_ASSET_PATHS = "\"Planetary App/Preview Content\"";
				DEVELOPMENT_TEAM = 96T58DM32R;
				ENABLE_PREVIEWS = YES;
				GENERATE_INFOPLIST_FILE = YES;
				INFOPLIST_KEY_UIApplicationSceneManifest_Generation = YES;
				INFOPLIST_KEY_UIApplicationSupportsIndirectInputEvents = YES;
				INFOPLIST_KEY_UILaunchScreen_Generation = YES;
				INFOPLIST_KEY_UISupportedInterfaceOrientations_iPad = "UIInterfaceOrientationPortrait UIInterfaceOrientationPortraitUpsideDown UIInterfaceOrientationLandscapeLeft UIInterfaceOrientationLandscapeRight";
				INFOPLIST_KEY_UISupportedInterfaceOrientations_iPhone = "UIInterfaceOrientationPortrait UIInterfaceOrientationLandscapeLeft UIInterfaceOrientationLandscapeRight";
				LD_RUNPATH_SEARCH_PATHS = (
					"$(inherited)",
					"@executable_path/Frameworks",
				);
				MARKETING_VERSION = 1.0;
				PRODUCT_BUNDLE_IDENTIFIER = "davchndra.Planetary-App";
				PRODUCT_NAME = "$(TARGET_NAME)";
				SWIFT_EMIT_LOC_STRINGS = YES;
				SWIFT_VERSION = 5.0;
				TARGETED_DEVICE_FAMILY = "1,2";
			};
			name = Release;
		};
/* End XCBuildConfiguration section */

/* Begin XCConfigurationList section */
		8F1ACD402C268246004D0D9B /* Build configuration list for PBXProject "Planetary App" */ = {
			isa = XCConfigurationList;
			buildConfigurations = (
				8F1ACD512C268247004D0D9B /* Debug */,
				8F1ACD522C268247004D0D9B /* Release */,
			);
			defaultConfigurationIsVisible = 0;
			defaultConfigurationName = Release;
		};
		8F1ACD532C268247004D0D9B /* Build configuration list for PBXNativeTarget "Planetary App" */ = {
			isa = XCConfigurationList;
			buildConfigurations = (
				8F1ACD542C268247004D0D9B /* Debug */,
				8F1ACD552C268247004D0D9B /* Release */,
			);
			defaultConfigurationIsVisible = 0;
			defaultConfigurationName = Release;
		};
/* End XCConfigurationList section */
	};
	rootObject = 8F1ACD3D2C268246004D0D9B /* Project object */;
}
